
Microsoft Visual Studio Solution File, Format Version 12.00
# Visual Studio Version 17
VisualStudioVersion = 17.7.34221.43
MinimumVisualStudioVersion = 10.0.40219.1
Project("{8BC9CEB8-8B4A-11D0-8D11-00A0C91BC942}") = "RvIA", "RvIA\RvIA.vcxproj", "{C8F2E5E0-7694-4AEB-8E8F-E1C0968F1C23}"
EndProject
Project("{8BC9CEB8-8B4A-11D0-8D11-00A0C91BC942}") = "TokenIA", "TokenIA\TokenIA.vcxproj", "{DD11BCC3-052F-4B90-8162-6CD8CCA8B0AD}"
EndProject
Project("{8BC9CEB8-8B4A-11D0-8D11-00A0C91BC942}") = "TestValidaTokenIA", "TestValidaTokenIA\TestValidaTokenIA.vcxproj", "{1FC56CAD-E199-4D4A-859D-07D73EA7C200}"
EndProject
Project("{8BC9CEB8-8B4A-11D0-8D11-00A0C91BC942}") = "UneCSV", "UneCSV\UneCSV\UneCSV.vcxproj", "{D1049AA7-38F4-49D0-9989-9AF6961305CC}"
EndProject
Project("{8BC9CEB8-8B4A-11D0-8D11-00A0C91BC942}") = "LoginRVIA", "LoginRVIA\LoginRVIA.vcxproj", "{217B6A76-13D2-40E8-9642-CC2D2968D995}"
EndProject
Project("{8BC9CEB8-8B4A-11D0-8D11-00A0C91BC942}") = "SSLEVPToken", "SSLEVPToken\SSLEVPToken.vcxproj", "{F63FE77D-D51F-4AFA-9F18-88185B3B4737}"
EndProject
Project("{8BC9CEB8-8B4A-11D0-8D11-00A0C91BC942}") = "IniEncryptDecryptRVIA", "IniEncryptDecryptRVIA\IniEncryptDecryptRVIA.vcxproj", "{383D80DF-0132-42DF-B8B3-6A5AE4B79B42}"
EndProject
Project("{8BC9CEB8-8B4A-11D0-8D11-00A0C91BC942}") = "Checkmarx", "Checkmarx\Checkmarx.vcxproj", "{013969DA-FB52-447C-A994-6DB52FE4AF7B}"
EndProject
Project("{8BC9CEB8-8B4A-11D0-8D11-00A0C91BC942}") = "Totales", "Totales\Totales.vcxproj", "{D51BE927-E682-4178-B9F3-6E599542664E}"
EndProject
Project("{9092AA53-FB77-4645-B42D-1CCCA6BD08BD}") = "NRVIA", "NRVIA\NRVIA.njsproj", "{EC2915EF-D9B4-4C4B-9457-92CFC552D825}"
EndProject
Project("{8BC9CEB8-8B4A-11D0-8D11-00A0C91BC942}") = "PSQLCONNECT", "PSQLVS2022\PSQLCONNECT\PSQLCONNECT.vcxproj", "{9E1C7DD5-583B-4724-AB91-9355D6C90057}"
EndProject
Global
	GlobalSection(SolutionConfigurationPlatforms) = preSolution
		Debug|Any CPU = Debug|Any CPU
		Debug|ARM = Debug|ARM
		Debug|ARM64 = Debug|ARM64
		Debug|x64 = Debug|x64
		Debug|x86 = Debug|x86
		Release|Any CPU = Release|Any CPU
		Release|ARM = Release|ARM
		Release|ARM64 = Release|ARM64
		Release|x64 = Release|x64
		Release|x86 = Release|x86
	EndGlobalSection
	GlobalSection(ProjectConfigurationPlatforms) = postSolution
		{C8F2E5E0-7694-4AEB-8E8F-E1C0968F1C23}.Debug|Any CPU.ActiveCfg = Debug|x64
		{C8F2E5E0-7694-4AEB-8E8F-E1C0968F1C23}.Debug|Any CPU.Build.0 = Debug|x64
		{C8F2E5E0-7694-4AEB-8E8F-E1C0968F1C23}.Debug|ARM.ActiveCfg = Debug|x64
		{C8F2E5E0-7694-4AEB-8E8F-E1C0968F1C23}.Debug|ARM.Build.0 = Debug|x64
		{C8F2E5E0-7694-4AEB-8E8F-E1C0968F1C23}.Debug|ARM64.ActiveCfg = Debug|x64
		{C8F2E5E0-7694-4AEB-8E8F-E1C0968F1C23}.Debug|ARM64.Build.0 = Debug|x64
		{C8F2E5E0-7694-4AEB-8E8F-E1C0968F1C23}.Debug|x64.ActiveCfg = Debug|x64
		{C8F2E5E0-7694-4AEB-8E8F-E1C0968F1C23}.Debug|x64.Build.0 = Debug|x64
		{C8F2E5E0-7694-4AEB-8E8F-E1C0968F1C23}.Debug|x86.ActiveCfg = Debug|Win32
		{C8F2E5E0-7694-4AEB-8E8F-E1C0968F1C23}.Debug|x86.Build.0 = Debug|Win32
		{C8F2E5E0-7694-4AEB-8E8F-E1C0968F1C23}.Release|Any CPU.ActiveCfg = Release|x64
		{C8F2E5E0-7694-4AEB-8E8F-E1C0968F1C23}.Release|Any CPU.Build.0 = Release|x64
		{C8F2E5E0-7694-4AEB-8E8F-E1C0968F1C23}.Release|ARM.ActiveCfg = Release|x64
		{C8F2E5E0-7694-4AEB-8E8F-E1C0968F1C23}.Release|ARM.Build.0 = Release|x64
		{C8F2E5E0-7694-4AEB-8E8F-E1C0968F1C23}.Release|ARM64.ActiveCfg = Release|x64
		{C8F2E5E0-7694-4AEB-8E8F-E1C0968F1C23}.Release|ARM64.Build.0 = Release|x64
		{C8F2E5E0-7694-4AEB-8E8F-E1C0968F1C23}.Release|x64.ActiveCfg = Release|x64
		{C8F2E5E0-7694-4AEB-8E8F-E1C0968F1C23}.Release|x64.Build.0 = Release|x64
		{C8F2E5E0-7694-4AEB-8E8F-E1C0968F1C23}.Release|x86.ActiveCfg = Release|Win32
		{C8F2E5E0-7694-4AEB-8E8F-E1C0968F1C23}.Release|x86.Build.0 = Release|Win32
		{DD11BCC3-052F-4B90-8162-6CD8CCA8B0AD}.Debug|Any CPU.ActiveCfg = Debug|x64
		{DD11BCC3-052F-4B90-8162-6CD8CCA8B0AD}.Debug|Any CPU.Build.0 = Debug|x64
		{DD11BCC3-052F-4B90-8162-6CD8CCA8B0AD}.Debug|ARM.ActiveCfg = Debug|x64
		{DD11BCC3-052F-4B90-8162-6CD8CCA8B0AD}.Debug|ARM.Build.0 = Debug|x64
		{DD11BCC3-052F-4B90-8162-6CD8CCA8B0AD}.Debug|ARM64.ActiveCfg = Debug|x64
		{DD11BCC3-052F-4B90-8162-6CD8CCA8B0AD}.Debug|ARM64.Build.0 = Debug|x64
		{DD11BCC3-052F-4B90-8162-6CD8CCA8B0AD}.Debug|x64.ActiveCfg = Debug|x64
		{DD11BCC3-052F-4B90-8162-6CD8CCA8B0AD}.Debug|x64.Build.0 = Debug|x64
		{DD11BCC3-052F-4B90-8162-6CD8CCA8B0AD}.Debug|x86.ActiveCfg = Debug|Win32
		{DD11BCC3-052F-4B90-8162-6CD8CCA8B0AD}.Debug|x86.Build.0 = Debug|Win32
		{DD11BCC3-052F-4B90-8162-6CD8CCA8B0AD}.Release|Any CPU.ActiveCfg = Release|x64
		{DD11BCC3-052F-4B90-8162-6CD8CCA8B0AD}.Release|Any CPU.Build.0 = Release|x64
		{DD11BCC3-052F-4B90-8162-6CD8CCA8B0AD}.Release|ARM.ActiveCfg = Release|x64
		{DD11BCC3-052F-4B90-8162-6CD8CCA8B0AD}.Release|ARM.Build.0 = Release|x64
		{DD11BCC3-052F-4B90-8162-6CD8CCA8B0AD}.Release|ARM64.ActiveCfg = Release|x64
		{DD11BCC3-052F-4B90-8162-6CD8CCA8B0AD}.Release|ARM64.Build.0 = Release|x64
		{DD11BCC3-052F-4B90-8162-6CD8CCA8B0AD}.Release|x64.ActiveCfg = Release|x64
		{DD11BCC3-052F-4B90-8162-6CD8CCA8B0AD}.Release|x64.Build.0 = Release|x64
		{DD11BCC3-052F-4B90-8162-6CD8CCA8B0AD}.Release|x86.ActiveCfg = Release|Win32
		{DD11BCC3-052F-4B90-8162-6CD8CCA8B0AD}.Release|x86.Build.0 = Release|Win32
		{1FC56CAD-E199-4D4A-859D-07D73EA7C200}.Debug|Any CPU.ActiveCfg = Debug|x64
		{1FC56CAD-E199-4D4A-859D-07D73EA7C200}.Debug|Any CPU.Build.0 = Debug|x64
		{1FC56CAD-E199-4D4A-859D-07D73EA7C200}.Debug|ARM.ActiveCfg = Debug|x64
		{1FC56CAD-E199-4D4A-859D-07D73EA7C200}.Debug|ARM.Build.0 = Debug|x64
		{1FC56CAD-E199-4D4A-859D-07D73EA7C200}.Debug|ARM64.ActiveCfg = Debug|x64
		{1FC56CAD-E199-4D4A-859D-07D73EA7C200}.Debug|ARM64.Build.0 = Debug|x64
		{1FC56CAD-E199-4D4A-859D-07D73EA7C200}.Debug|x64.ActiveCfg = Debug|x64
		{1FC56CAD-E199-4D4A-859D-07D73EA7C200}.Debug|x64.Build.0 = Debug|x64
		{1FC56CAD-E199-4D4A-859D-07D73EA7C200}.Debug|x86.ActiveCfg = Debug|Win32
		{1FC56CAD-E199-4D4A-859D-07D73EA7C200}.Debug|x86.Build.0 = Debug|Win32
		{1FC56CAD-E199-4D4A-859D-07D73EA7C200}.Release|Any CPU.ActiveCfg = Release|x64
		{1FC56CAD-E199-4D4A-859D-07D73EA7C200}.Release|Any CPU.Build.0 = Release|x64
		{1FC56CAD-E199-4D4A-859D-07D73EA7C200}.Release|ARM.ActiveCfg = Release|x64
		{1FC56CAD-E199-4D4A-859D-07D73EA7C200}.Release|ARM.Build.0 = Release|x64
		{1FC56CAD-E199-4D4A-859D-07D73EA7C200}.Release|ARM64.ActiveCfg = Release|x64
		{1FC56CAD-E199-4D4A-859D-07D73EA7C200}.Release|ARM64.Build.0 = Release|x64
		{1FC56CAD-E199-4D4A-859D-07D73EA7C200}.Release|x64.ActiveCfg = Release|x64
		{1FC56CAD-E199-4D4A-859D-07D73EA7C200}.Release|x64.Build.0 = Release|x64
		{1FC56CAD-E199-4D4A-859D-07D73EA7C200}.Release|x86.ActiveCfg = Release|Win32
		{1FC56CAD-E199-4D4A-859D-07D73EA7C200}.Release|x86.Build.0 = Release|Win32
		{D1049AA7-38F4-49D0-9989-9AF6961305CC}.Debug|Any CPU.ActiveCfg = Debug|x64
		{D1049AA7-38F4-49D0-9989-9AF6961305CC}.Debug|Any CPU.Build.0 = Debug|x64
		{D1049AA7-38F4-49D0-9989-9AF6961305CC}.Debug|ARM.ActiveCfg = Debug|x64
		{D1049AA7-38F4-49D0-9989-9AF6961305CC}.Debug|ARM.Build.0 = Debug|x64
		{D1049AA7-38F4-49D0-9989-9AF6961305CC}.Debug|ARM64.ActiveCfg = Debug|x64
		{D1049AA7-38F4-49D0-9989-9AF6961305CC}.Debug|ARM64.Build.0 = Debug|x64
		{D1049AA7-38F4-49D0-9989-9AF6961305CC}.Debug|x64.ActiveCfg = Debug|x64
		{D1049AA7-38F4-49D0-9989-9AF6961305CC}.Debug|x64.Build.0 = Debug|x64
		{D1049AA7-38F4-49D0-9989-9AF6961305CC}.Debug|x86.ActiveCfg = Debug|Win32
		{D1049AA7-38F4-49D0-9989-9AF6961305CC}.Debug|x86.Build.0 = Debug|Win32
		{D1049AA7-38F4-49D0-9989-9AF6961305CC}.Release|Any CPU.ActiveCfg = Release|x64
		{D1049AA7-38F4-49D0-9989-9AF6961305CC}.Release|Any CPU.Build.0 = Release|x64
		{D1049AA7-38F4-49D0-9989-9AF6961305CC}.Release|ARM.ActiveCfg = Release|x64
		{D1049AA7-38F4-49D0-9989-9AF6961305CC}.Release|ARM.Build.0 = Release|x64
		{D1049AA7-38F4-49D0-9989-9AF6961305CC}.Release|ARM64.ActiveCfg = Release|x64
		{D1049AA7-38F4-49D0-9989-9AF6961305CC}.Release|ARM64.Build.0 = Release|x64
		{D1049AA7-38F4-49D0-9989-9AF6961305CC}.Release|x64.ActiveCfg = Release|x64
		{D1049AA7-38F4-49D0-9989-9AF6961305CC}.Release|x64.Build.0 = Release|x64
		{D1049AA7-38F4-49D0-9989-9AF6961305CC}.Release|x86.ActiveCfg = Release|Win32
		{D1049AA7-38F4-49D0-9989-9AF6961305CC}.Release|x86.Build.0 = Release|Win32
		{217B6A76-13D2-40E8-9642-CC2D2968D995}.Debug|Any CPU.ActiveCfg = Debug|x64
		{217B6A76-13D2-40E8-9642-CC2D2968D995}.Debug|Any CPU.Build.0 = Debug|x64
		{217B6A76-13D2-40E8-9642-CC2D2968D995}.Debug|ARM.ActiveCfg = Debug|x64
		{217B6A76-13D2-40E8-9642-CC2D2968D995}.Debug|ARM.Build.0 = Debug|x64
		{217B6A76-13D2-40E8-9642-CC2D2968D995}.Debug|ARM64.ActiveCfg = Debug|x64
		{217B6A76-13D2-40E8-9642-CC2D2968D995}.Debug|ARM64.Build.0 = Debug|x64
		{217B6A76-13D2-40E8-9642-CC2D2968D995}.Debug|x64.ActiveCfg = Debug|x64
		{217B6A76-13D2-40E8-9642-CC2D2968D995}.Debug|x64.Build.0 = Debug|x64
		{217B6A76-13D2-40E8-9642-CC2D2968D995}.Debug|x86.ActiveCfg = Debug|Win32
		{217B6A76-13D2-40E8-9642-CC2D2968D995}.Debug|x86.Build.0 = Debug|Win32
		{217B6A76-13D2-40E8-9642-CC2D2968D995}.Release|Any CPU.ActiveCfg = Release|x64
		{217B6A76-13D2-40E8-9642-CC2D2968D995}.Release|Any CPU.Build.0 = Release|x64
		{217B6A76-13D2-40E8-9642-CC2D2968D995}.Release|ARM.ActiveCfg = Release|x64
		{217B6A76-13D2-40E8-9642-CC2D2968D995}.Release|ARM.Build.0 = Release|x64
		{217B6A76-13D2-40E8-9642-CC2D2968D995}.Release|ARM64.ActiveCfg = Release|x64
		{217B6A76-13D2-40E8-9642-CC2D2968D995}.Release|ARM64.Build.0 = Release|x64
		{217B6A76-13D2-40E8-9642-CC2D2968D995}.Release|x64.ActiveCfg = Release|x64
		{217B6A76-13D2-40E8-9642-CC2D2968D995}.Release|x64.Build.0 = Release|x64
		{217B6A76-13D2-40E8-9642-CC2D2968D995}.Release|x86.ActiveCfg = Release|Win32
		{217B6A76-13D2-40E8-9642-CC2D2968D995}.Release|x86.Build.0 = Release|Win32
		{F63FE77D-D51F-4AFA-9F18-88185B3B4737}.Debug|Any CPU.ActiveCfg = Debug|x64
		{F63FE77D-D51F-4AFA-9F18-88185B3B4737}.Debug|Any CPU.Build.0 = Debug|x64
		{F63FE77D-D51F-4AFA-9F18-88185B3B4737}.Debug|ARM.ActiveCfg = Debug|x64
		{F63FE77D-D51F-4AFA-9F18-88185B3B4737}.Debug|ARM.Build.0 = Debug|x64
		{F63FE77D-D51F-4AFA-9F18-88185B3B4737}.Debug|ARM64.ActiveCfg = Debug|x64
		{F63FE77D-D51F-4AFA-9F18-88185B3B4737}.Debug|ARM64.Build.0 = Debug|x64
		{F63FE77D-D51F-4AFA-9F18-88185B3B4737}.Debug|x64.ActiveCfg = Debug|x64
		{F63FE77D-D51F-4AFA-9F18-88185B3B4737}.Debug|x64.Build.0 = Debug|x64
		{F63FE77D-D51F-4AFA-9F18-88185B3B4737}.Debug|x86.ActiveCfg = Debug|Win32
		{F63FE77D-D51F-4AFA-9F18-88185B3B4737}.Debug|x86.Build.0 = Debug|Win32
		{F63FE77D-D51F-4AFA-9F18-88185B3B4737}.Release|Any CPU.ActiveCfg = Release|x64
		{F63FE77D-D51F-4AFA-9F18-88185B3B4737}.Release|Any CPU.Build.0 = Release|x64
		{F63FE77D-D51F-4AFA-9F18-88185B3B4737}.Release|ARM.ActiveCfg = Release|x64
		{F63FE77D-D51F-4AFA-9F18-88185B3B4737}.Release|ARM.Build.0 = Release|x64
		{F63FE77D-D51F-4AFA-9F18-88185B3B4737}.Release|ARM64.ActiveCfg = Release|x64
		{F63FE77D-D51F-4AFA-9F18-88185B3B4737}.Release|ARM64.Build.0 = Release|x64
		{F63FE77D-D51F-4AFA-9F18-88185B3B4737}.Release|x64.ActiveCfg = Release|x64
		{F63FE77D-D51F-4AFA-9F18-88185B3B4737}.Release|x64.Build.0 = Release|x64
		{F63FE77D-D51F-4AFA-9F18-88185B3B4737}.Release|x86.ActiveCfg = Release|Win32
		{F63FE77D-D51F-4AFA-9F18-88185B3B4737}.Release|x86.Build.0 = Release|Win32
		{383D80DF-0132-42DF-B8B3-6A5AE4B79B42}.Debug|Any CPU.ActiveCfg = Debug|x64
		{383D80DF-0132-42DF-B8B3-6A5AE4B79B42}.Debug|Any CPU.Build.0 = Debug|x64
		{383D80DF-0132-42DF-B8B3-6A5AE4B79B42}.Debug|ARM.ActiveCfg = Debug|x64
		{383D80DF-0132-42DF-B8B3-6A5AE4B79B42}.Debug|ARM.Build.0 = Debug|x64
		{383D80DF-0132-42DF-B8B3-6A5AE4B79B42}.Debug|ARM64.ActiveCfg = Debug|x64
		{383D80DF-0132-42DF-B8B3-6A5AE4B79B42}.Debug|ARM64.Build.0 = Debug|x64
		{383D80DF-0132-42DF-B8B3-6A5AE4B79B42}.Debug|x64.ActiveCfg = Debug|x64
		{383D80DF-0132-42DF-B8B3-6A5AE4B79B42}.Debug|x64.Build.0 = Debug|x64
		{383D80DF-0132-42DF-B8B3-6A5AE4B79B42}.Debug|x86.ActiveCfg = Debug|Win32
		{383D80DF-0132-42DF-B8B3-6A5AE4B79B42}.Debug|x86.Build.0 = Debug|Win32
		{383D80DF-0132-42DF-B8B3-6A5AE4B79B42}.Release|Any CPU.ActiveCfg = Release|x64
		{383D80DF-0132-42DF-B8B3-6A5AE4B79B42}.Release|Any CPU.Build.0 = Release|x64
		{383D80DF-0132-42DF-B8B3-6A5AE4B79B42}.Release|ARM.ActiveCfg = Release|x64
		{383D80DF-0132-42DF-B8B3-6A5AE4B79B42}.Release|ARM.Build.0 = Release|x64
		{383D80DF-0132-42DF-B8B3-6A5AE4B79B42}.Release|ARM64.ActiveCfg = Release|x64
		{383D80DF-0132-42DF-B8B3-6A5AE4B79B42}.Release|ARM64.Build.0 = Release|x64
		{383D80DF-0132-42DF-B8B3-6A5AE4B79B42}.Release|x64.ActiveCfg = Release|x64
		{383D80DF-0132-42DF-B8B3-6A5AE4B79B42}.Release|x64.Build.0 = Release|x64
		{383D80DF-0132-42DF-B8B3-6A5AE4B79B42}.Release|x86.ActiveCfg = Release|Win32
		{383D80DF-0132-42DF-B8B3-6A5AE4B79B42}.Release|x86.Build.0 = Release|Win32
		{013969DA-FB52-447C-A994-6DB52FE4AF7B}.Debug|Any CPU.ActiveCfg = Debug|x64
		{013969DA-FB52-447C-A994-6DB52FE4AF7B}.Debug|Any CPU.Build.0 = Debug|x64
		{013969DA-FB52-447C-A994-6DB52FE4AF7B}.Debug|ARM.ActiveCfg = Debug|x64
		{013969DA-FB52-447C-A994-6DB52FE4AF7B}.Debug|ARM.Build.0 = Debug|x64
		{013969DA-FB52-447C-A994-6DB52FE4AF7B}.Debug|ARM64.ActiveCfg = Debug|x64
		{013969DA-FB52-447C-A994-6DB52FE4AF7B}.Debug|ARM64.Build.0 = Debug|x64
		{013969DA-FB52-447C-A994-6DB52FE4AF7B}.Debug|x64.ActiveCfg = Debug|x64
		{013969DA-FB52-447C-A994-6DB52FE4AF7B}.Debug|x64.Build.0 = Debug|x64
		{013969DA-FB52-447C-A994-6DB52FE4AF7B}.Debug|x86.ActiveCfg = Debug|Win32
		{013969DA-FB52-447C-A994-6DB52FE4AF7B}.Debug|x86.Build.0 = Debug|Win32
		{013969DA-FB52-447C-A994-6DB52FE4AF7B}.Release|Any CPU.ActiveCfg = Release|x64
		{013969DA-FB52-447C-A994-6DB52FE4AF7B}.Release|Any CPU.Build.0 = Release|x64
		{013969DA-FB52-447C-A994-6DB52FE4AF7B}.Release|ARM.ActiveCfg = Release|x64
		{013969DA-FB52-447C-A994-6DB52FE4AF7B}.Release|ARM.Build.0 = Release|x64
		{013969DA-FB52-447C-A994-6DB52FE4AF7B}.Release|ARM64.ActiveCfg = Release|x64
		{013969DA-FB52-447C-A994-6DB52FE4AF7B}.Release|ARM64.Build.0 = Release|x64
		{013969DA-FB52-447C-A994-6DB52FE4AF7B}.Release|x64.ActiveCfg = Release|x64
		{013969DA-FB52-447C-A994-6DB52FE4AF7B}.Release|x64.Build.0 = Release|x64
		{013969DA-FB52-447C-A994-6DB52FE4AF7B}.Release|x86.ActiveCfg = Release|Win32
		{013969DA-FB52-447C-A994-6DB52FE4AF7B}.Release|x86.Build.0 = Release|Win32
		{D51BE927-E682-4178-B9F3-6E599542664E}.Debug|Any CPU.ActiveCfg = Debug|x64
		{D51BE927-E682-4178-B9F3-6E599542664E}.Debug|Any CPU.Build.0 = Debug|x64
		{D51BE927-E682-4178-B9F3-6E599542664E}.Debug|ARM.ActiveCfg = Debug|x64
		{D51BE927-E682-4178-B9F3-6E599542664E}.Debug|ARM.Build.0 = Debug|x64
		{D51BE927-E682-4178-B9F3-6E599542664E}.Debug|ARM64.ActiveCfg = Debug|x64
		{D51BE927-E682-4178-B9F3-6E599542664E}.Debug|ARM64.Build.0 = Debug|x64
		{D51BE927-E682-4178-B9F3-6E599542664E}.Debug|x64.ActiveCfg = Debug|x64
		{D51BE927-E682-4178-B9F3-6E599542664E}.Debug|x64.Build.0 = Debug|x64
		{D51BE927-E682-4178-B9F3-6E599542664E}.Debug|x86.ActiveCfg = Debug|Win32
		{D51BE927-E682-4178-B9F3-6E599542664E}.Debug|x86.Build.0 = Debug|Win32
		{D51BE927-E682-4178-B9F3-6E599542664E}.Release|Any CPU.ActiveCfg = Release|x64
		{D51BE927-E682-4178-B9F3-6E599542664E}.Release|Any CPU.Build.0 = Release|x64
		{D51BE927-E682-4178-B9F3-6E599542664E}.Release|ARM.ActiveCfg = Release|x64
		{D51BE927-E682-4178-B9F3-6E599542664E}.Release|ARM.Build.0 = Release|x64
		{D51BE927-E682-4178-B9F3-6E599542664E}.Release|ARM64.ActiveCfg = Release|x64
		{D51BE927-E682-4178-B9F3-6E599542664E}.Release|ARM64.Build.0 = Release|x64
		{D51BE927-E682-4178-B9F3-6E599542664E}.Release|x64.ActiveCfg = Release|x64
		{D51BE927-E682-4178-B9F3-6E599542664E}.Release|x64.Build.0 = Release|x64
		{D51BE927-E682-4178-B9F3-6E599542664E}.Release|x86.ActiveCfg = Release|Win32
		{D51BE927-E682-4178-B9F3-6E599542664E}.Release|x86.Build.0 = Release|Win32
		{EC2915EF-D9B4-4C4B-9457-92CFC552D825}.Debug|Any CPU.ActiveCfg = Debug|Any CPU
		{EC2915EF-D9B4-4C4B-9457-92CFC552D825}.Debug|Any CPU.Build.0 = Debug|Any CPU
		{EC2915EF-D9B4-4C4B-9457-92CFC552D825}.Debug|ARM.ActiveCfg = Debug|Any CPU
		{EC2915EF-D9B4-4C4B-9457-92CFC552D825}.Debug|ARM.Build.0 = Debug|Any CPU
		{EC2915EF-D9B4-4C4B-9457-92CFC552D825}.Debug|ARM64.ActiveCfg = Debug|Any CPU
		{EC2915EF-D9B4-4C4B-9457-92CFC552D825}.Debug|ARM64.Build.0 = Debug|Any CPU
		{EC2915EF-D9B4-4C4B-9457-92CFC552D825}.Debug|x64.ActiveCfg = Debug|Any CPU
		{EC2915EF-D9B4-4C4B-9457-92CFC552D825}.Debug|x64.Build.0 = Debug|Any CPU
		{EC2915EF-D9B4-4C4B-9457-92CFC552D825}.Debug|x86.ActiveCfg = Debug|Any CPU
		{EC2915EF-D9B4-4C4B-9457-92CFC552D825}.Debug|x86.Build.0 = Debug|Any CPU
		{EC2915EF-D9B4-4C4B-9457-92CFC552D825}.Release|Any CPU.ActiveCfg = Release|Any CPU
		{EC2915EF-D9B4-4C4B-9457-92CFC552D825}.Release|Any CPU.Build.0 = Release|Any CPU
		{EC2915EF-D9B4-4C4B-9457-92CFC552D825}.Release|ARM.ActiveCfg = Release|Any CPU
		{EC2915EF-D9B4-4C4B-9457-92CFC552D825}.Release|ARM.Build.0 = Release|Any CPU
		{EC2915EF-D9B4-4C4B-9457-92CFC552D825}.Release|ARM64.ActiveCfg = Release|Any CPU
		{EC2915EF-D9B4-4C4B-9457-92CFC552D825}.Release|ARM64.Build.0 = Release|Any CPU
		{EC2915EF-D9B4-4C4B-9457-92CFC552D825}.Release|x64.ActiveCfg = Release|Any CPU
		{EC2915EF-D9B4-4C4B-9457-92CFC552D825}.Release|x64.Build.0 = Release|Any CPU
		{EC2915EF-D9B4-4C4B-9457-92CFC552D825}.Release|x86.ActiveCfg = Release|Any CPU
		{EC2915EF-D9B4-4C4B-9457-92CFC552D825}.Release|x86.Build.0 = Release|Any CPU
		{9E1C7DD5-583B-4724-AB91-9355D6C90057}.Debug|Any CPU.ActiveCfg = Debug|x64
		{9E1C7DD5-583B-4724-AB91-9355D6C90057}.Debug|Any CPU.Build.0 = Debug|x64
		{9E1C7DD5-583B-4724-AB91-9355D6C90057}.Debug|ARM.ActiveCfg = Debug|x64
		{9E1C7DD5-583B-4724-AB91-9355D6C90057}.Debug|ARM.Build.0 = Debug|x64
		{9E1C7DD5-583B-4724-AB91-9355D6C90057}.Debug|ARM64.ActiveCfg = Debug|x64
		{9E1C7DD5-583B-4724-AB91-9355D6C90057}.Debug|ARM64.Build.0 = Debug|x64
		{9E1C7DD5-583B-4724-AB91-9355D6C90057}.Debug|x64.ActiveCfg = Debug|x64
		{9E1C7DD5-583B-4724-AB91-9355D6C90057}.Debug|x64.Build.0 = Debug|x64
		{9E1C7DD5-583B-4724-AB91-9355D6C90057}.Debug|x86.ActiveCfg = Debug|Win32
		{9E1C7DD5-583B-4724-AB91-9355D6C90057}.Debug|x86.Build.0 = Debug|Win32
		{9E1C7DD5-583B-4724-AB91-9355D6C90057}.Release|Any CPU.ActiveCfg = Release|x64
		{9E1C7DD5-583B-4724-AB91-9355D6C90057}.Release|Any CPU.Build.0 = Release|x64
		{9E1C7DD5-583B-4724-AB91-9355D6C90057}.Release|ARM.ActiveCfg = Release|x64
		{9E1C7DD5-583B-4724-AB91-9355D6C90057}.Release|ARM.Build.0 = Release|x64
		{9E1C7DD5-583B-4724-AB91-9355D6C90057}.Release|ARM64.ActiveCfg = Release|x64
		{9E1C7DD5-583B-4724-AB91-9355D6C90057}.Release|ARM64.Build.0 = Release|x64
		{9E1C7DD5-583B-4724-AB91-9355D6C90057}.Release|x64.ActiveCfg = Release|x64
		{9E1C7DD5-583B-4724-AB91-9355D6C90057}.Release|x64.Build.0 = Release|x64
		{9E1C7DD5-583B-4724-AB91-9355D6C90057}.Release|x86.ActiveCfg = Release|Win32
		{9E1C7DD5-583B-4724-AB91-9355D6C90057}.Release|x86.Build.0 = Release|Win32
	EndGlobalSection
	GlobalSection(SolutionProperties) = preSolution
		HideSolutionNode = FALSE
	EndGlobalSection
	GlobalSection(ExtensibilityGlobals) = postSolution
		SolutionGuid = {E3665FF3-2C51-4C94-BB6C-4C0C50BF38B6}
	EndGlobalSection
EndGlobal
